
Microsoft Visual Studio Solution File, Format Version 12.00
# Visual Studio Version 16
VisualStudioVersion = 16.0.30413.136
MinimumVisualStudioVersion = 10.0.40219.1
Project("{FAE04EC0-301F-11D3-BF4B-00C04F79EFBC}") = "NAA.FleetService", "NAA.FleetService\NAA.FleetService.csproj", "{967A9D94-9866-44E9-AA67-FB7DF61622BB}"
EndProject
Global
	GlobalSection(SolutionConfigurationPlatforms) = preSolution
		Debug|Any CPU = Debug|Any CPU
		Release|Any CPU = Release|Any CPU
	EndGlobalSection
	GlobalSection(ProjectConfigurationPlatforms) = postSolution
		{967A9D94-9866-44E9-AA67-FB7DF61622BB}.Debug|Any CPU.ActiveCfg = Debug|Any CPU
		{967A9D94-9866-44E9-AA67-FB7DF61622BB}.Debug|Any CPU.Build.0 = Debug|Any CPU
		{967A9D94-9866-44E9-AA67-FB7DF61622BB}.Release|Any CPU.ActiveCfg = Release|Any CPU
		{967A9D94-9866-44E9-AA67-FB7DF61622BB}.Release|Any CPU.Build.0 = Release|Any CPU
	EndGlobalSection
	GlobalSection(SolutionProperties) = preSolution
		HideSolutionNode = FALSE
	EndGlobalSection
	GlobalSection(ExtensibilityGlobals) = postSolution
		SolutionGuid = {AEA5E953-C8F6-43CF-9AFA-8E17A5F6F521}
	EndGlobalSection
EndGlobal
